// !$*UTF8*$!
{
	archiveVersion = 1;
	classes = {
	};
	objectVersion = 48;
	objects = {

/* Begin PBXBuildFile section */
		9EA220C01FD051BC00F98EC2 /* AppDelegate.swift in Sources */ = {isa = PBXBuildFile; fileRef = 9EA220BF1FD051BC00F98EC2 /* AppDelegate.swift */; };
		9EA220C21FD051BC00F98EC2 /* ViewController.swift in Sources */ = {isa = PBXBuildFile; fileRef = 9EA220C11FD051BC00F98EC2 /* ViewController.swift */; };
		9EA220C51FD051BC00F98EC2 /* Main.storyboard in Resources */ = {isa = PBXBuildFile; fileRef = 9EA220C31FD051BC00F98EC2 /* Main.storyboard */; };
		9EA220C71FD051BC00F98EC2 /* Assets.xcassets in Resources */ = {isa = PBXBuildFile; fileRef = 9EA220C61FD051BC00F98EC2 /* Assets.xcassets */; };
		9EA220CA1FD051BC00F98EC2 /* LaunchScreen.storyboard in Resources */ = {isa = PBXBuildFile; fileRef = 9EA220C81FD051BC00F98EC2 /* LaunchScreen.storyboard */; };
		9EA220D41FD051E700F98EC2 /* aspas-direita.png in Resources */ = {isa = PBXBuildFile; fileRef = 9EA220D11FD051E700F98EC2 /* aspas-direita.png */; };
		9EA220D51FD051E700F98EC2 /* aspas-esquerda.png in Resources */ = {isa = PBXBuildFile; fileRef = 9EA220D21FD051E700F98EC2 /* aspas-esquerda.png */; };
		9EA220D61FD051E700F98EC2 /* logo.png in Resources */ = {isa = PBXBuildFile; fileRef = 9EA220D31FD051E700F98EC2 /* logo.png */; };
/* End PBXBuildFile section */

/* Begin PBXFileReference section */
		9EA220BC1FD051BC00F98EC2 /* FrasesDoDia.app */ = {isa = PBXFileReference; explicitFileType = wrapper.application; includeInIndex = 0; path = FrasesDoDia.app; sourceTree = BUILT_PRODUCTS_DIR; };
		9EA220BF1FD051BC00F98EC2 /* AppDelegate.swift */ = {isa = PBXFileReference; lastKnownFileType = sourcecode.swift; path = AppDelegate.swift; sourceTree = "<group>"; };
		9EA220C11FD051BC00F98EC2 /* ViewController.swift */ = {isa = PBXFileReference; lastKnownFileType = sourcecode.swift; path = ViewController.swift; sourceTree = "<group>"; };
		9EA220C41FD051BC00F98EC2 /* Base */ = {isa = PBXFileReference; lastKnownFileType = file.storyboard; name = Base; path = Base.lproj/Main.storyboard; sourceTree = "<group>"; };
		9EA220C61FD051BC00F98EC2 /* Assets.xcassets */ = {isa = PBXFileReference; lastKnownFileType = folder.assetcatalog; path = Assets.xcassets; sourceTree = "<group>"; };
		9EA220C91FD051BC00F98EC2 /* Base */ = {isa = PBXFileReference; lastKnownFileType = file.storyboard; name = Base; path = Base.lproj/LaunchScreen.storyboard; sourceTree = "<group>"; };
		9EA220CB1FD051BC00F98EC2 /* Info.plist */ = {isa = PBXFileReference; lastKnownFileType = text.plist.xml; path = Info.plist; sourceTree = "<group>"; };
		9EA220D11FD051E700F98EC2 /* aspas-direita.png */ = {isa = PBXFileReference; lastKnownFileType = image.png; path = "aspas-direita.png"; sourceTree = "<group>"; };
		9EA220D21FD051E700F98EC2 /* aspas-esquerda.png */ = {isa = PBXFileReference; lastKnownFileType = image.png; path = "aspas-esquerda.png"; sourceTree = "<group>"; };
		9EA220D31FD051E700F98EC2 /* logo.png */ = {isa = PBXFileReference; lastKnownFileType = image.png; path = logo.png; sourceTree = "<group>"; };
/* End PBXFileReference section */

/* Begin PBXFrameworksBuildPhase section */
		9EA220B91FD051BC00F98EC2 /* Frameworks */ = {
			isa = PBXFrameworksBuildPhase;
			buildActionMask = 2147483647;
			files = (
			);
			runOnlyForDeploymentPostprocessing = 0;
		};
/* End PBXFrameworksBuildPhase section */

/* Begin PBXGroup section */
		9EA220B31FD051BC00F98EC2 = {
			isa = PBXGroup;
			children = (
				9EA220BE1FD051BC00F98EC2 /* FrasesDoDia */,
				9EA220BD1FD051BC00F98EC2 /* Products */,
			);
			sourceTree = "<group>";
		};
		9EA220BD1FD051BC00F98EC2 /* Products */ = {
			isa = PBXGroup;
			children = (
				9EA220BC1FD051BC00F98EC2 /* FrasesDoDia.app */,
			);
			name = Products;
			sourceTree = "<group>";
		};
		9EA220BE1FD051BC00F98EC2 /* FrasesDoDia */ = {
			isa = PBXGroup;
			children = (
				9EA220D11FD051E700F98EC2 /* aspas-direita.png */,
				9EA220D21FD051E700F98EC2 /* aspas-esquerda.png */,
				9EA220D31FD051E700F98EC2 /* logo.png */,
				9EA220BF1FD051BC00F98EC2 /* AppDelegate.swift */,
				9EA220C11FD051BC00F98EC2 /* ViewController.swift */,
				9EA220C31FD051BC00F98EC2 /* Main.storyboard */,
				9EA220C61FD051BC00F98EC2 /* Assets.xcassets */,
				9EA220C81FD051BC00F98EC2 /* LaunchScreen.storyboard */,
				9EA220CB1FD051BC00F98EC2 /* Info.plist */,
			);
			path = FrasesDoDia;
			sourceTree = "<group>";
		};
/* End PBXGroup section */

/* Begin PBXNativeTarget section */
		9EA220BB1FD051BC00F98EC2 /* FrasesDoDia */ = {
			isa = PBXNativeTarget;
			buildConfigurationList = 9EA220CE1FD051BC00F98EC2 /* Build configuration list for PBXNativeTarget "FrasesDoDia" */;
			buildPhases = (
				9EA220B81FD051BC00F98EC2 /* Sources */,
				9EA220B91FD051BC00F98EC2 /* Frameworks */,
				9EA220BA1FD051BC00F98EC2 /* Resources */,
			);
			buildRules = (
			);
			dependencies = (
			);
			name = FrasesDoDia;
			productName = FrasesDoDia;
			productReference = 9EA220BC1FD051BC00F98EC2 /* FrasesDoDia.app */;
			productType = "com.apple.product-type.application";
		};
/* End PBXNativeTarget section */

/* Begin PBXProject section */
		9EA220B41FD051BC00F98EC2 /* Project object */ = {
			isa = PBXProject;
			attributes = {
				LastSwiftUpdateCheck = 0910;
				LastUpgradeCheck = 0910;
				ORGANIZATIONNAME = HelderRocha;
				TargetAttributes = {
					9EA220BB1FD051BC00F98EC2 = {
						CreatedOnToolsVersion = 9.1;
						ProvisioningStyle = Automatic;
					};
				};
			};
			buildConfigurationList = 9EA220B71FD051BC00F98EC2 /* Build configuration list for PBXProject "FrasesDoDia" */;
			compatibilityVersion = "Xcode 8.0";
			developmentRegion = en;
			hasScannedForEncodings = 0;
			knownRegions = (
				en,
				Base,
			);
			mainGroup = 9EA220B31FD051BC00F98EC2;
			productRefGroup = 9EA220BD1FD051BC00F98EC2 /* Products */;
			projectDirPath = "";
			projectRoot = "";
			targets = (
				9EA220BB1FD051BC00F98EC2 /* FrasesDoDia */,
			);
		};
/* End PBXProject section */

/* Begin PBXResourcesBuildPhase section */
		9EA220BA1FD051BC00F98EC2 /* Resources */ = {
			isa = PBXResourcesBuildPhase;
			buildActionMask = 2147483647;
			files = (
				9EA220CA1FD051BC00F98EC2 /* LaunchScreen.storyboard in Resources */,
				9EA220C71FD051BC00F98EC2 /* Assets.xcassets in Resources */,
				9EA220D61FD051E700F98EC2 /* logo.png in Resources */,
				9EA220C51FD051BC00F98EC2 /* Main.storyboard in Resources */,
				9EA220D41FD051E700F98EC2 /* aspas-direita.png in Resources */,
				9EA220D51FD051E700F98EC2 /* aspas-esquerda.png in Resources */,
			);
			runOnlyForDeploymentPostprocessing = 0;
		};
/* End PBXResourcesBuildPhase section */

/* Begin PBXSourcesBuildPhase section */
		9EA220B81FD051BC00F98EC2 /* Sources */ = {
			isa = PBXSourcesBuildPhase;
			buildActionMask = 2147483647;
			files = (
				9EA220C21FD051BC00F98EC2 /* ViewController.swift in Sources */,
				9EA220C01FD051BC00F98EC2 /* AppDelegate.swift in Sources */,
			);
			runOnlyForDeploymentPostprocessing = 0;
		};
/* End PBXSourcesBuildPhase section */

/* Begin PBXVariantGroup section */
		9EA220C31FD051BC00F98EC2 /* Main.storyboard */ = {
			isa = PBXVariantGroup;
			children = (
				9EA220C41FD051BC00F98EC2 /* Base */,
			);
			name = Main.storyboard;
			sourceTree = "<group>";
		};
		9EA220C81FD051BC00F98EC2 /* LaunchScreen.storyboard */ = {
			isa = PBXVariantGroup;
			children = (
				9EA220C91FD051BC00F98EC2 /* Base */,
			);
			name = LaunchScreen.storyboard;
			sourceTree = "<group>";
		};
/* End PBXVariantGroup section */

/* Begin XCBuildConfiguration section */
		9EA220CC1FD051BC00F98EC2 /* Debug */ = {
			isa = XCBuildConfiguration;
			buildSettings = {
				ALWAYS_SEARCH_USER_PATHS = NO;
				CLANG_ANALYZER_NONNULL = YES;
				CLANG_ANALYZER_NUMBER_OBJECT_CONVERSION = YES_AGGRESSIVE;
				CLANG_CXX_LANGUAGE_STANDARD = "gnu++14";
				CLANG_CXX_LIBRARY = "libc++";
				CLANG_ENABLE_MODULES = YES;
				CLANG_ENABLE_OBJC_ARC = YES;
				CLANG_WARN_BLOCK_CAPTURE_AUTORELEASING = YES;
				CLANG_WARN_BOOL_CONVERSION = YES;
				CLANG_WARN_COMMA = YES;
				CLANG_WARN_CONSTANT_CONVERSION = YES;
				CLANG_WARN_DIRECT_OBJC_ISA_USAGE = YES_ERROR;
				CLANG_WARN_DOCUMENTATION_COMMENTS = YES;
				CLANG_WARN_EMPTY_BODY = YES;
				CLANG_WARN_ENUM_CONVERSION = YES;
				CLANG_WARN_INFINITE_RECURSION = YES;
				CLANG_WARN_INT_CONVERSION = YES;
				CLANG_WARN_NON_LITERAL_NULL_CONVERSION = YES;
				CLANG_WARN_OBJC_LITERAL_CONVERSION = YES;
				CLANG_WARN_OBJC_ROOT_CLASS = YES_ERROR;
				CLANG_WARN_RANGE_LOOP_ANALYSIS = YES;
				CLANG_WARN_STRICT_PROTOTYPES = YES;
				CLANG_WARN_SUSPICIOUS_MOVE = YES;
				CLANG_WARN_UNGUARDED_AVAILABILITY = YES_AGGRESSIVE;
				CLANG_WARN_UNREACHABLE_CODE = YES;
				CLANG_WARN__DUPLICATE_METHOD_MATCH = YES;
				CODE_SIGN_IDENTITY = "iPhone Developer";
				COPY_PHASE_STRIP = NO;
				DEBUG_INFORMATION_FORMAT = dwarf;
				ENABLE_STRICT_OBJC_MSGSEND = YES;
				ENABLE_TESTABILITY = YES;
				GCC_C_LANGUAGE_STANDARD = gnu11;
				GCC_DYNAMIC_NO_PIC = NO;
				GCC_NO_COMMON_BLOCKS = YES;
				GCC_OPTIMIZATION_LEVEL = 0;
				GCC_PREPROCESSOR_DEFINITIONS = (
					"DEBUG=1",
					"$(inherited)",
				);
				GCC_WARN_64_TO_32_BIT_CONVERSION = YES;
				GCC_WARN_ABOUT_RETURN_TYPE = YES_ERROR;
				GCC_WARN_UNDECLARED_SELECTOR = YES;
				GCC_WARN_UNINITIALIZED_AUTOS = YES_AGGRESSIVE;
				GCC_WARN_UNUSED_FUNCTION = YES;
				GCC_WARN_UNUSED_VARIABLE = YES;
				IPHONEOS_DEPLOYMENT_TARGET = 11.1;
				MTL_ENABLE_DEBUG_INFO = YES;
				ONLY_ACTIVE_ARCH = YES;
				SDKROOT = iphoneos;
				SWIFT_ACTIVE_COMPILATION_CONDITIONS = DEBUG;
				SWIFT_OPTIMIZATION_LEVEL = "-Onone";
			};
			name = Debug;
		};
		9EA220CD1FD051BC00F98EC2 /* Release */ = {
			isa = XCBuildConfiguration;
			buildSettings = {
				ALWAYS_SEARCH_USER_PATHS = NO;
				CLANG_ANALYZER_NONNULL = YES;
				CLANG_ANALYZER_NUMBER_OBJECT_CONVERSION = YES_AGGRESSIVE;
				CLANG_CXX_LANGUAGE_STANDARD = "gnu++14";
				CLANG_CXX_LIBRARY = "libc++";
				CLANG_ENABLE_MODULES = YES;
				CLANG_ENABLE_OBJC_ARC = YES;
				CLANG_WARN_BLOCK_CAPTURE_AUTORELEASING = YES;
				CLANG_WARN_BOOL_CONVERSION = YES;
				CLANG_WARN_COMMA = YES;
				CLANG_WARN_CONSTANT_CONVERSION = YES;
				CLANG_WARN_DIRECT_OBJC_ISA_USAGE = YES_ERROR;
				CLANG_WARN_DOCUMENTATION_COMMENTS = YES;
				CLANG_WARN_EMPTY_BODY = YES;
				CLANG_WARN_ENUM_CONVERSION = YES;
				CLANG_WARN_INFINITE_RECURSION = YES;
				CLANG_WARN_INT_CONVERSION = YES;
				CLANG_WARN_NON_LITERAL_NULL_CONVERSION = YES;
				CLANG_WARN_OBJC_LITERAL_CONVERSION = YES;
				CLANG_WARN_OBJC_ROOT_CLASS = YES_ERROR;
				CLANG_WARN_RANGE_LOOP_ANALYSIS = YES;
				CLANG_WARN_STRICT_PROTOTYPES = YES;
				CLANG_WARN_SUSPICIOUS_MOVE = YES;
				CLANG_WARN_UNGUARDED_AVAILABILITY = YES_AGGRESSIVE;
				CLANG_WARN_UNREACHABLE_CODE = YES;
				CLANG_WARN__DUPLICATE_METHOD_MATCH = YES;
				CODE_SIGN_IDENTITY = "iPhone Developer";
				COPY_PHASE_STRIP = NO;
				DEBUG_INFORMATION_FORMAT = "dwarf-with-dsym";
				ENABLE_NS_ASSERTIONS = NO;
				ENABLE_STRICT_OBJC_MSGSEND = YES;
				GCC_C_LANGUAGE_STANDARD = gnu11;
				GCC_NO_COMMON_BLOCKS = YES;
				GCC_WARN_64_TO_32_BIT_CONVERSION = YES;
				GCC_WARN_ABOUT_RETURN_TYPE = YES_ERROR;
				GCC_WARN_UNDECLARED_SELECTOR = YES;
				GCC_WARN_UNINITIALIZED_AUTOS = YES_AGGRESSIVE;
				GCC_WARN_UNUSED_FUNCTION = YES;
				GCC_WARN_UNUSED_VARIABLE = YES;
				IPHONEOS_DEPLOYMENT_TARGET = 11.1;
				MTL_ENABLE_DEBUG_INFO = NO;
				SDKROOT = iphoneos;
				SWIFT_OPTIMIZATION_LEVEL = "-Owholemodule";
				VALIDATE_PRODUCT = YES;
			};
			name = Release;
		};
		9EA220CF1FD051BC00F98EC2 /* Debug */ = {
			isa = XCBuildConfiguration;
			buildSettings = {
				ASSETCATALOG_COMPILER_APPICON_NAME = AppIcon;
				CODE_SIGN_STYLE = Automatic;
				INFOPLIST_FILE = FrasesDoDia/Info.plist;
				LD_RUNPATH_SEARCH_PATHS = "$(inherited) @executable_path/Frameworks";
				PRODUCT_BUNDLE_IDENTIFIER = RochaHelder.FrasesDoDia;
				PRODUCT_NAME = "$(TARGET_NAME)";
				SWIFT_VERSION = 4.0;
				TARGETED_DEVICE_FAMILY = "1,2";
			};
			name = Debug;
		};
		9EA220D01FD051BC00F98EC2 /* Release */ = {
			isa = XCBuildConfiguration;
			buildSettings = {
				ASSETCATALOG_COMPILER_APPICON_NAME = AppIcon;
				CODE_SIGN_STYLE = Automatic;
				INFOPLIST_FILE = FrasesDoDia/Info.plist;
				LD_RUNPATH_SEARCH_PATHS = "$(inherited) @executable_path/Frameworks";
				PRODUCT_BUNDLE_IDENTIFIER = RochaHelder.FrasesDoDia;
				PRODUCT_NAME = "$(TARGET_NAME)";
				SWIFT_VERSION = 4.0;
				TARGETED_DEVICE_FAMILY = "1,2";
			};
			name = Release;
		};
/* End XCBuildConfiguration section */

/* Begin XCConfigurationList section */
		9EA220B71FD051BC00F98EC2 /* Build configuration list for PBXProject "FrasesDoDia" */ = {
			isa = XCConfigurationList;
			buildConfigurations = (
				9EA220CC1FD051BC00F98EC2 /* Debug */,
				9EA220CD1FD051BC00F98EC2 /* Release */,
			);
			defaultConfigurationIsVisible = 0;
			defaultConfigurationName = Release;
		};
		9EA220CE1FD051BC00F98EC2 /* Build configuration list for PBXNativeTarget "FrasesDoDia" */ = {
			isa = XCConfigurationList;
			buildConfigurations = (
				9EA220CF1FD051BC00F98EC2 /* Debug */,
				9EA220D01FD051BC00F98EC2 /* Release */,
			);
			defaultConfigurationIsVisible = 0;
			defaultConfigurationName = Release;
		};
/* End XCConfigurationList section */
	};
	rootObject = 9EA220B41FD051BC00F98EC2 /* Project object */;
}
